
Microsoft Visual Studio Solution File, Format Version 12.00
# Visual Studio Version 17
VisualStudioVersion = 17.9.34723.18
MinimumVisualStudioVersion = 10.0.40219.1
Project("{FAE04EC0-301F-11D3-BF4B-00C04F79EFBC}") = "Lab1 - 2; PA", "Lab1 - 2; PA\Lab1 - 2; PA.csproj", "{44798F16-78D1-4945-A789-86E51784B311}"
EndProject
Global
	GlobalSection(SolutionConfigurationPlatforms) = preSolution
		Debug|Any CPU = Debug|Any CPU
		Release|Any CPU = Release|Any CPU
	EndGlobalSection
	GlobalSection(ProjectConfigurationPlatforms) = postSolution
		{44798F16-78D1-4945-A789-86E51784B311}.Debug|Any CPU.ActiveCfg = Debug|Any CPU
		{44798F16-78D1-4945-A789-86E51784B311}.Debug|Any CPU.Build.0 = Debug|Any CPU
		{44798F16-78D1-4945-A789-86E51784B311}.Release|Any CPU.ActiveCfg = Release|Any CPU
		{44798F16-78D1-4945-A789-86E51784B311}.Release|Any CPU.Build.0 = Release|Any CPU
	EndGlobalSection
	GlobalSection(SolutionProperties) = preSolution
		HideSolutionNode = FALSE
	EndGlobalSection
	GlobalSection(ExtensibilityGlobals) = postSolution
		SolutionGuid = {16A8AB40-2F41-420F-B0FE-DEBBF5910A80}
	EndGlobalSection
EndGlobal
